# This file is automatically @generated by Poetry 1.8.2 and should not be changed by hand.

[[package]]
name = "pytz"
version = "2024.1"
description = "World timezone definitions, modern and historical"
optional = false
python-versions = "*"
files = [
    {file = "pytz-2024.1-py2.py3-none-any.whl", hash = "sha256:328171f4e3623139da4983451950b28e95ac706e13f3f2630a879749e7a8b319"},
    {file = "pytz-2024.1.tar.gz", hash = "sha256:2a29735ea9c18baf14b448846bde5a48030ed267578472d8955cd0e7443a9812"},
]

[metadata]
lock-version = "2.0"
python-versions = "^3.10"
content-hash = "5c702071ac8b006f4b598df48e71b7a188e12fc4cd27e03856244766748f4591"
